hash: 714e5d725eea98aecebb33cf574e9882252404bea81d2e9d2a8b2b1bee7d3fb5
updated: 2019-05-22T09:46:17.952223+08:00
imports:
- name: github.com/gin-contrib/sse
  version: 5545eab6dad3bbbd6c5ae9186383c2a9d23c0dae
- name: github.com/gin-gonic/gin
  version: b75d67cd51eb53c3c3a2fc406524c940021ffbda
  subpackages:
  - binding
  - internal/json
  - render
- name: github.com/go-sql-driver/mysql
  version: a0583e0143b1624142adab07e0e97fe106d99561
- name: github.com/golang/protobuf
  version: b285ee9cfc6c881bb20c0d8dc73370ea9b9ec90f
  subpackages:
  - proto
- name: github.com/gomodule/redigo
  version: 9c11da706d9b7902c6da69c592f75637793fe121
  subpackages:
  - internal
  - redis
- name: github.com/jinzhu/gorm
  version: b7156195f7f3415f97c20abbd6aff894b847fee8
  subpackages:
  - dialects/mysql
- name: github.com/jinzhu/inflection
  version: 04140366298a54a039076d798123ffa108fff46c
- name: github.com/json-iterator/go
  version: 0ff49de124c6f76f8494e194af75bde0f1a49a29
- name: github.com/mattn/go-isatty
  version: c1975dc15c1d481e8da23f6ed313bb071136b98f
- name: github.com/modern-go/concurrent
  version: bacd9c7ef1dd9b15be4a9909b8ac7a4e313eec94
- name: github.com/modern-go/reflect2
  version: 94122c33edd36123c84d5368cfb2b69df93a0ec8
- name: github.com/smartystreets/goconvey
  version: 9e8dc3f972df6c8fcc0375ef492c24d0bb204857
  subpackages:
  - convey
  - convey/gotest
  - convey/reporting
- name: github.com/ugorji/go
  version: 65dd1ed12c4802abb534866aaf7633e7520779ec
  subpackages:
  - codec
- name: golang.org/x/sys
  version: 61b9204099cb1bebc803c9ffb9b2d3acd9d457d9
  subpackages:
  - unix
- name: gopkg.in/go-playground/validator.v8
  version: 5f1438d3fca68893a817e4a66806cea46a9e4ebf
- name: gopkg.in/yaml.v2
  version: 7b8349ac747c6a24702b762d2c4fd9266cf4f1d6
testImports:
- name: github.com/gopherjs/gopherjs
  version: 3e4dfb77656c424b6d1196a4d5fed0fcf63677cc
  subpackages:
  - js
- name: github.com/jtolds/gls
  version: b4936e06046bbecbb94cae9c18127ebe510a2cb9
- name: github.com/smartystreets/assertions
  version: f487f9de1cd36ebab28235b9373028812fb47cbd
  subpackages:
  - internal/go-diff/diffmatchpatch
  - internal/go-render/render
  - internal/oglematchers
